{
    "version": "0.5",
    "requires": [
        "zstd/1.5.7#fde461c0d847a22f16d3066774f61b11%1744114235.235",
        "zlib/1.3.1#b8bc2603263cf7eccbd6e17e66b0ed76%1733936244.862",
        "xbyak/7.07#b602bb070ed218c9c027cfd655732b7c%1718460287.801",
        "stduuid/1.2.3#6faafc03e1d59789d6304ed3f46b74d4%1696960911.728",
        "spdlog/1.14.1#4fd40d9cbc1978247443a10d2ace58fd%1731353169.75",
        "snappy/1.1.10#9cff2aa2cf616aa98532b1872ef44dcf%1743607712.928",
        "openssl/3.3.2#90b3fc29e196eb631636c25d3516cd93%1741868603.502",
        "msgpack-c/6.1.0#296e3b3c281be2cf1ef7a733bd37c58c%1730717631.269",
        "mongo-cxx-driver/3.11.0#ae206de0e90fb8cb2fb95465fb8b2f01%1727895159.744",
        "mongo-c-driver/1.28.0#1af081d7dd3645a8ac9d63b28a62d0d7%1726713672.67",
        "magic_enum/0.9.6#91fb74498cfb33ad24089888ae9cac6e%1727191749.717",
        "icu/74.2#cd1937b9561b8950a2ae6311284c5813%1730226024.198",
        "glm/cci.20230113#c9c89bea128786a245028f0cb4c1936d%1700512110.519",
        "fmt/10.2.1#658771bb858b77f380be2ebb22c338e9%1735899167.615",
        "croncpp/cci.20220503#4236dbb4bad3470f74a5624588d27830%1688038784.587",
        "cpp-httplib/0.18.2#25398e2a19cdc7d2c0571dce8345626c%1733170027.357",
        "concurrentqueue/1.0.4#1e48e1c712bcfd892087c9c622a51502%1687274728.048"
    ],
    "build_requires": [
        "strawberryperl/5.32.1.1#707032463aa0620fa17ec0d887f5fe41%1716912583.131",
        "pkgconf/2.1.0#27f44583701117b571307cf5b5fe5605%1701537936.436",
        "ninja/1.12.1#fd583651bf0c6a901943495d49878803%1724079877.609",
        "nasm/2.16.01#31e26f2ee3c4346ecd347911bd126904%1745483323.489",
        "msys2/cci.latest#4927aa5502eb174e95df524f2be2685e%1732034252.89",
        "meson/1.2.2#21b73818ba96d9eea465b310b5bbc993%1726730120.212",
        "icu/74.2#cd1937b9561b8950a2ae6311284c5813%1730226024.198",
        "cmake/3.26.6#759ea81fd235ddf58a0e073e66379bf6%1701609437.523"
    ],
    "python_requires": [],
    "overrides": {
        "openssl/[>=3 <4]": [
            "openssl/3.3.2"
        ],
        "openssl/[>=1.1 <4]": [
            "openssl/3.3.2"
        ]
    },
    "config_requires": []
}