Microsoft Visual Studio Solution File, Format Version 10.00
# Visual C++ Express 2008
Project("{8BC9CEB8-8B4A-11D0-8D11-00A0C91BC942}") = "FLHook", "FLHook.vcproj", "{FE6EB3C9-DA22-4492-AEC3-068C9553A623}"
EndProject
Project("{8BC9CEB8-8B4A-11D0-8D11-00A0C91BC942}") = "Tempban Plugin", "..\plugins\tempban\Tempban Plugin.vcproj", "{01DE3D3D-0DA2-447E-8C03-B2A2FB03A0F5}"
EndProject
Project("{8BC9CEB8-8B4A-11D0-8D11-00A0C91BC942}") = "Condata Plugin", "..\plugins\condata\FLHook Example Plugin.vcproj", "{2CA8178B-9C91-4478-A955-21ABEC99E453}"
EndProject
Global
	GlobalSection(SolutionConfigurationPlatforms) = preSolution
		Debug|Win32 = Debug|Win32
		Release|Win32 = Release|Win32
		ReleaseVersion|Win32 = ReleaseVersion|Win32
	EndGlobalSection
	GlobalSection(ProjectConfigurationPlatforms) = postSolution
		{FE6EB3C9-DA22-4492-AEC3-068C9553A623}.Debug|Win32.ActiveCfg = Debug|Win32
		{FE6EB3C9-DA22-4492-AEC3-068C9553A623}.Debug|Win32.Build.0 = Debug|Win32
		{FE6EB3C9-DA22-4492-AEC3-068C9553A623}.Release|Win32.ActiveCfg = Release|Win32
		{FE6EB3C9-DA22-4492-AEC3-068C9553A623}.Release|Win32.Build.0 = Release|Win32
		{FE6EB3C9-DA22-4492-AEC3-068C9553A623}.ReleaseVersion|Win32.ActiveCfg = Release|Win32
		{FE6EB3C9-DA22-4492-AEC3-068C9553A623}.ReleaseVersion|Win32.Build.0 = Release|Win32
		{01DE3D3D-0DA2-447E-8C03-B2A2FB03A0F5}.Debug|Win32.ActiveCfg = Debug|Win32
		{01DE3D3D-0DA2-447E-8C03-B2A2FB03A0F5}.Debug|Win32.Build.0 = Debug|Win32
		{01DE3D3D-0DA2-447E-8C03-B2A2FB03A0F5}.Release|Win32.ActiveCfg = Release|Win32
		{01DE3D3D-0DA2-447E-8C03-B2A2FB03A0F5}.Release|Win32.Build.0 = Release|Win32
		{01DE3D3D-0DA2-447E-8C03-B2A2FB03A0F5}.ReleaseVersion|Win32.ActiveCfg = Release|Win32
		{01DE3D3D-0DA2-447E-8C03-B2A2FB03A0F5}.ReleaseVersion|Win32.Build.0 = Release|Win32
		{2CA8178B-9C91-4478-A955-21ABEC99E453}.Debug|Win32.ActiveCfg = Debug|Win32
		{2CA8178B-9C91-4478-A955-21ABEC99E453}.Debug|Win32.Build.0 = Debug|Win32
		{2CA8178B-9C91-4478-A955-21ABEC99E453}.Release|Win32.ActiveCfg = Release|Win32
		{2CA8178B-9C91-4478-A955-21ABEC99E453}.Release|Win32.Build.0 = Release|Win32
		{2CA8178B-9C91-4478-A955-21ABEC99E453}.ReleaseVersion|Win32.ActiveCfg = Release|Win32
		{2CA8178B-9C91-4478-A955-21ABEC99E453}.ReleaseVersion|Win32.Build.0 = Release|Win32
	EndGlobalSection
	GlobalSection(SolutionProperties) = preSolution
		HideSolutionNode = FALSE
	EndGlobalSection
EndGlobal
