<?xml version="1.0" encoding="utf-8"?>
<Project ToolsVersion="4.0" xmlns="http://schemas.microsoft.com/developer/msbuild/2003">
  <ItemGroup>
    <Filter Include="Source Files">
      <UniqueIdentifier>{4FC737F1-C7A5-4376-A066-2A32D752A2FF}</UniqueIdentifier>
      <Extensions>cpp;c;cxx;def;odl;idl;hpj;bat;asm;asmx</Extensions>
    </Filter>
    <Filter Include="Source Files\Resource Files">
      <UniqueIdentifier>{67DA6AB6-F800-4c08-8B7A-83BB121AAD01}</UniqueIdentifier>
      <Extensions>rc;ico;cur;bmp;dlg;rc2;rct;bin;rgs;gif;jpg;jpeg;jpe;resx</Extensions>
    </Filter>
  </ItemGroup>
  <ItemGroup>
    <ClCompile Include="AntiJumpDisconnect.cpp">
      <Filter>Source Files</Filter>
    </ClCompile>
    <ClCompile Include="CargoDrop.cpp">
      <Filter>Source Files</Filter>
    </ClCompile>
    <ClCompile Include="CrashCatcher.cpp">
      <Filter>Source Files</Filter>
    </ClCompile>
    <ClCompile Include="EquipmentUtilities.cpp">
      <Filter>Source Files</Filter>
    </ClCompile>
    <ClCompile Include="Givecash.cpp">
      <Filter>Source Files</Filter>
    </ClCompile>
    <ClCompile Include="HyperJump.cpp">
      <Filter>Source Files</Filter>
    </ClCompile>
    <ClCompile Include="IPBan.cpp">
      <Filter>Source Files</Filter>
    </ClCompile>
    <ClCompile Include="Mail.cpp">
      <Filter>Source Files</Filter>
    </ClCompile>
    <ClCompile Include="Main.cpp">
      <Filter>Source Files</Filter>
    </ClCompile>
    <ClCompile Include="Message.cpp">
      <Filter>Source Files</Filter>
    </ClCompile>
    <ClCompile Include="MiscCmds.cpp">
      <Filter>Source Files</Filter>
    </ClCompile>
    <ClCompile Include="PimpShip.cpp">
      <Filter>Source Files</Filter>
    </ClCompile>
    <ClCompile Include="PlayerInfo.cpp">
      <Filter>Source Files</Filter>
    </ClCompile>
    <ClCompile Include="PluginUtilities.cpp">
      <Filter>Source Files</Filter>
    </ClCompile>
    <ClCompile Include="PurchaseRestrictions.cpp">
      <Filter>Source Files</Filter>
    </ClCompile>
    <ClCompile Include="Rename.cpp">
      <Filter>Source Files</Filter>
    </ClCompile>
    <ClCompile Include="RepFixer.cpp">
      <Filter>Source Files</Filter>
    </ClCompile>
    <ClCompile Include="Restart.cpp">
      <Filter>Source Files</Filter>
    </ClCompile>
    <ClCompile Include="StartupCache.cpp">
      <Filter>Source Files</Filter>
    </ClCompile>
    <ClCompile Include="SystemSensor.cpp">
      <Filter>Source Files</Filter>
    </ClCompile>
    <ClCompile Include="wildcards.cpp">
      <Filter>Source Files</Filter>
    </ClCompile>
    <ClCompile Include="ZoneUtilities.cpp">
      <Filter>Source Files</Filter>
    </ClCompile>
  </ItemGroup>
  <ItemGroup>
    <Text Include="..\readme.txt" />
  </ItemGroup>
</Project>