Microsoft Visual Studio Solution File, Format Version 12.00
# Visual Studio Version 17
VisualStudioVersion = 17.4.33205.214
MinimumVisualStudioVersion = 10.0.40219.1
Project("{8BC9CEB8-8B4A-11D0-8D11-00A0C91BC942}") = "FLHook", "FLHook.vcxproj", "{FE6EB3C9-DA22-4492-AEC3-068C9553A623}"
EndProject
Project("{8BC9CEB8-8B4A-11D0-8D11-00A0C91BC942}") = "Tempban", "..\plugins\tempban\tempban.vcxproj", "{01DE3D3D-0DA2-447E-8C03-B2A2FB03A0F5}"
EndProject
Project("{8BC9CEB8-8B4A-11D0-8D11-00A0C91BC942}") = "Condata", "..\plugins\condata\Connection Data.vcxproj", "{2CA8178B-9C91-4478-A955-21ABEC99E453}"
EndProject
Project("{8BC9CEB8-8B4A-11D0-8D11-00A0C91BC942}") = "Arena", "..\plugins\arena\Arena.vcxproj", "{81D33B95-1CDD-4F58-A24C-E2EC47143DD0}"
EndProject
Project("{8BC9CEB8-8B4A-11D0-8D11-00A0C91BC942}") = "Event", "..\plugins\event\Event.vcxproj", "{3A7D5EDC-F360-49E0-B652-587B9E22CF6C}"
EndProject
Project("{8BC9CEB8-8B4A-11D0-8D11-00A0C91BC942}") = "Mining Control", "..\plugins\minecontrol\MineControl.vcxproj", "{367D5EDC-F360-49E0-B652-587B9E22CF6C}"
EndProject
Project("{2150E333-8FDC-42A3-9474-1A3956D46DE8}") = "Plugins", "Plugins", "{88754785-84CA-4F78-8906-F8C39564BA83}"
EndProject
Project("{2150E333-8FDC-42A3-9474-1A3956D46DE8}") = "Misc", "Misc", "{632FB3BE-F949-4FDF-8EDC-DA5433451E34}"
EndProject
Project("{8BC9CEB8-8B4A-11D0-8D11-00A0C91BC942}") = "AFK", "..\plugins\afk\AFK.vcxproj", "{18322D6B-43B1-49D8-A2FD-8C55EB4524AE}"
EndProject
Project("{8BC9CEB8-8B4A-11D0-8D11-00A0C91BC942}") = "Stats", "..\plugins\stats\stats.vcxproj", "{DF79DAB8-217F-4828-920D-89B2FDEEFB33}"
EndProject
Project("{8BC9CEB8-8B4A-11D0-8D11-00A0C91BC942}") = "Mark", "..\plugins\mark\mark.vcxproj", "{14C91A47-44A3-4D90-99C3-BFFA10491A56}"
EndProject
Project("{8BC9CEB8-8B4A-11D0-8D11-00A0C91BC942}") = "NPC Control", "..\plugins\npc_control\npc_control.vcxproj", "{8E6A698F-7CE9-46C8-A21C-ADB5D4862895}"
EndProject
Project("{8BC9CEB8-8B4A-11D0-8D11-00A0C91BC942}") = "Betting", "..\plugins\betting\betting.vcxproj", "{E7F0886B-C9B4-46CB-AFE4-46ED576C083F}"
EndProject
Project("{8BC9CEB8-8B4A-11D0-8D11-00A0C91BC942}") = "Bounty Hunt", "..\plugins\bountyhunt\bountyhunt.vcxproj", "{9CF41A32-523E-4E7F-B941-0B5F9990E0F5}"
EndProject
Project("{8BC9CEB8-8B4A-11D0-8D11-00A0C91BC942}") = "Death Penalty", "..\plugins\death_penalty\death_penalty.vcxproj", "{723583D9-6348-4643-94E4-52EA2993AB78}"
EndProject
Project("{8BC9CEB8-8B4A-11D0-8D11-00A0C91BC942}") = "Anti Jump Disconnect", "..\plugins\anti_jump_disconnect\Anti Jump Disconnect.vcxproj", "{F8835529-D882-4F95-B554-ABE96BE5C9F3}"
EndProject
Project("{8BC9CEB8-8B4A-11D0-8D11-00A0C91BC942}") = "Cargo Drop", "..\plugins\cargo_drop\Cargo Drop.vcxproj", "{E8190EFF-6AD0-40E7-8C65-7CB71CE0EEA4}"
EndProject
Project("{8BC9CEB8-8B4A-11D0-8D11-00A0C91BC942}") = "Crash Catcher", "..\plugins\crash_catcher\Crash Catcher.vcxproj", "{141F7653-54FB-45ED-9E4A-7B9309CD9313}"
EndProject
Project("{8BC9CEB8-8B4A-11D0-8D11-00A0C91BC942}") = "Cash Manager", "..\plugins\cash_manager\Cash Manager.vcxproj", "{DFA28F29-9A64-45E7-8CF5-F9D3DB556BC2}"
EndProject
Project("{8BC9CEB8-8B4A-11D0-8D11-00A0C91BC942}") = "IP Ban", "..\plugins\ip_ban\IP Ban.vcxproj", "{16253ADD-D317-4C44-98C4-CE451814A3E9}"
EndProject
Project("{8BC9CEB8-8B4A-11D0-8D11-00A0C91BC942}") = "Message", "..\plugins\message\Message.vcxproj", "{F36013A1-7A38-49E1-9994-C7E8B61E1E21}"
EndProject
Project("{8BC9CEB8-8B4A-11D0-8D11-00A0C91BC942}") = "Misc Commands", "..\plugins\misc_commands\Misc Commands.vcxproj", "{60128B2F-1208-4E17-9420-FBDBDD89F118}"
EndProject
Project("{8BC9CEB8-8B4A-11D0-8D11-00A0C91BC942}") = "Purchase Restrictions", "..\plugins\purchase_restrictions\Purchase Restrictions.vcxproj", "{5C73EBB9-3FF4-4216-BFFE-894756DF6430}"
EndProject
Project("{8BC9CEB8-8B4A-11D0-8D11-00A0C91BC942}") = "Rename", "..\plugins\rename\Rename.vcxproj", "{B341DB54-BA24-41E6-9AC4-A88B84CDC137}"
EndProject
Project("{8BC9CEB8-8B4A-11D0-8D11-00A0C91BC942}") = "System Sensor", "..\plugins\system_sensor\System Sensor.vcxproj", "{9AE293D2-A402-4EA6-B9BA-A830DA18B219}"
EndProject
Project("{2150E333-8FDC-42A3-9474-1A3956D46DE8}") = "Solution Items", "Solution Items", "{3111A690-73C5-484F-9D51-630B12824971}"
	ProjectSection(SolutionItems) = preProject
		..\.clang-format = ..\.clang-format
		..\.gitignore = ..\.gitignore
		Common.props = Common.props
		..\plugins\Plugin Common.props = ..\plugins\Plugin Common.props
		..\readme.markdown = ..\readme.markdown
		..\vcpkg.json = ..\vcpkg.json
	EndProjectSection
EndProject
Project("{8BC9CEB8-8B4A-11D0-8D11-00A0C91BC942}") = "Wardrobe", "..\plugins\wardrobe\Wardrobe.vcxproj", "{1BB57539-858B-4AB7-994E-401597653E64}"
EndProject
Project("{8BC9CEB8-8B4A-11D0-8D11-00A0C91BC942}") = "Spin Protection", "..\plugins\spin_protection\Spin Protection.vcxproj", "{B7E11334-9268-4963-8787-C843A9031230}"
EndProject
Project("{2150E333-8FDC-42A3-9474-1A3956D46DE8}") = "Need Client Hook", "Need Client Hook", "{F715265D-4DBB-43B1-A159-979B912D095B}"
EndProject
Project("{8BC9CEB8-8B4A-11D0-8D11-00A0C91BC942}") = "Restarts", "..\plugins\restarts\Restarts.vcxproj", "{E40976AF-586C-4EB4-83E9-5B660D0251B8}"
EndProject
Project("{8BC9CEB8-8B4A-11D0-8D11-00A0C91BC942}") = "Sound Manager", "..\plugins\sound_manager\Sound Manager.vcxproj", "{FA67DC1C-444A-4398-B151-98456DB4F1BC}"
EndProject
Project("{8BC9CEB8-8B4A-11D0-8D11-00A0C91BC942}") = "Tax", "..\plugins\tax\tax.vcxproj", "{AE98299F-0210-4872-96AC-008B5631A165}"
EndProject
Project("{8BC9CEB8-8B4A-11D0-8D11-00A0C91BC942}") = "PluginTemplate", "..\plugins\_plugin_template\PluginTemplate.vcxproj", "{7D50A30F-3838-4FB7-9966-FD8748E4BE1D}"
EndProject
Project("{8BC9CEB8-8B4A-11D0-8D11-00A0C91BC942}") = "Light Control", "..\plugins\light_control\LightControl.vcxproj", "{737AC6EA-7361-44B9-A15A-6975D1BC1DA4}"
EndProject
Project("{8BC9CEB8-8B4A-11D0-8D11-00A0C91BC942}") = "Warehouse", "..\plugins\warehouse\Warehouse.vcxproj", "{A3872352-24F1-4BB6-BFE0-3B9837DDEC3F}"
EndProject
Project("{8BC9CEB8-8B4A-11D0-8D11-00A0C91BC942}") = "Autobuy", "..\plugins\autobuy\autobuy.vcxproj", "{681DDE36-BA92-48DB-92E8-4E821B92B4BA}"
EndProject
Project("{8BC9CEB8-8B4A-11D0-8D11-00A0C91BC942}") = "Kill Tracker", "..\plugins\kill_tracker\kill_tracker.vcxproj", "{91E8438D-F413-4A2C-8A9B-6CE3544116DB}"
EndProject
Global
	GlobalSection(SolutionConfigurationPlatforms) = preSolution
		Release|Win32 = Release|Win32
		Release|x64 = Release|x64
		ReleaseWithDebug|Win32 = ReleaseWithDebug|Win32
		ReleaseWithDebug|x64 = ReleaseWithDebug|x64
	EndGlobalSection
	GlobalSection(ProjectConfigurationPlatforms) = postSolution
		{FE6EB3C9-DA22-4492-AEC3-068C9553A623}.Release|Win32.ActiveCfg = Release|Win32
		{FE6EB3C9-DA22-4492-AEC3-068C9553A623}.Release|Win32.Build.0 = Release|Win32
		{FE6EB3C9-DA22-4492-AEC3-068C9553A623}.Release|x64.ActiveCfg = Release|Win32
		{FE6EB3C9-DA22-4492-AEC3-068C9553A623}.ReleaseWithDebug|Win32.ActiveCfg = ReleaseWithDebug|Win32
		{FE6EB3C9-DA22-4492-AEC3-068C9553A623}.ReleaseWithDebug|Win32.Build.0 = ReleaseWithDebug|Win32
		{FE6EB3C9-DA22-4492-AEC3-068C9553A623}.ReleaseWithDebug|x64.ActiveCfg = ReleaseWithDebug|Win32
		{01DE3D3D-0DA2-447E-8C03-B2A2FB03A0F5}.Release|Win32.ActiveCfg = Release|Win32
		{01DE3D3D-0DA2-447E-8C03-B2A2FB03A0F5}.Release|Win32.Build.0 = Release|Win32
		{01DE3D3D-0DA2-447E-8C03-B2A2FB03A0F5}.Release|x64.ActiveCfg = Release|Win32
		{01DE3D3D-0DA2-447E-8C03-B2A2FB03A0F5}.ReleaseWithDebug|Win32.ActiveCfg = ReleaseWithDebug|Win32
		{01DE3D3D-0DA2-447E-8C03-B2A2FB03A0F5}.ReleaseWithDebug|Win32.Build.0 = ReleaseWithDebug|Win32
		{01DE3D3D-0DA2-447E-8C03-B2A2FB03A0F5}.ReleaseWithDebug|x64.ActiveCfg = ReleaseWithDebug|Win32
		{2CA8178B-9C91-4478-A955-21ABEC99E453}.Release|Win32.ActiveCfg = Release|Win32
		{2CA8178B-9C91-4478-A955-21ABEC99E453}.Release|Win32.Build.0 = Release|Win32
		{2CA8178B-9C91-4478-A955-21ABEC99E453}.Release|x64.ActiveCfg = Release|Win32
		{2CA8178B-9C91-4478-A955-21ABEC99E453}.ReleaseWithDebug|Win32.ActiveCfg = ReleaseWithDebug|Win32
		{2CA8178B-9C91-4478-A955-21ABEC99E453}.ReleaseWithDebug|Win32.Build.0 = ReleaseWithDebug|Win32
		{2CA8178B-9C91-4478-A955-21ABEC99E453}.ReleaseWithDebug|x64.ActiveCfg = ReleaseWithDebug|Win32
		{81D33B95-1CDD-4F58-A24C-E2EC47143DD0}.Release|Win32.ActiveCfg = Release|Win32
		{81D33B95-1CDD-4F58-A24C-E2EC47143DD0}.Release|Win32.Build.0 = Release|Win32
		{81D33B95-1CDD-4F58-A24C-E2EC47143DD0}.Release|x64.ActiveCfg = Release|Win32
		{81D33B95-1CDD-4F58-A24C-E2EC47143DD0}.ReleaseWithDebug|Win32.ActiveCfg = ReleaseWithDebug|Win32
		{81D33B95-1CDD-4F58-A24C-E2EC47143DD0}.ReleaseWithDebug|Win32.Build.0 = ReleaseWithDebug|Win32
		{81D33B95-1CDD-4F58-A24C-E2EC47143DD0}.ReleaseWithDebug|x64.ActiveCfg = ReleaseWithDebug|Win32
		{3A7D5EDC-F360-49E0-B652-587B9E22CF6C}.Release|Win32.ActiveCfg = Release|Win32
		{3A7D5EDC-F360-49E0-B652-587B9E22CF6C}.Release|Win32.Build.0 = Release|Win32
		{3A7D5EDC-F360-49E0-B652-587B9E22CF6C}.Release|x64.ActiveCfg = Release|Win32
		{3A7D5EDC-F360-49E0-B652-587B9E22CF6C}.ReleaseWithDebug|Win32.ActiveCfg = ReleaseWithDebug|Win32
		{3A7D5EDC-F360-49E0-B652-587B9E22CF6C}.ReleaseWithDebug|Win32.Build.0 = ReleaseWithDebug|Win32
		{3A7D5EDC-F360-49E0-B652-587B9E22CF6C}.ReleaseWithDebug|x64.ActiveCfg = ReleaseWithDebug|Win32
		{367D5EDC-F360-49E0-B652-587B9E22CF6C}.Release|Win32.ActiveCfg = Release|Win32
		{367D5EDC-F360-49E0-B652-587B9E22CF6C}.Release|Win32.Build.0 = Release|Win32
		{367D5EDC-F360-49E0-B652-587B9E22CF6C}.Release|x64.ActiveCfg = Release|Win32
		{367D5EDC-F360-49E0-B652-587B9E22CF6C}.ReleaseWithDebug|Win32.ActiveCfg = ReleaseWithDebug|Win32
		{367D5EDC-F360-49E0-B652-587B9E22CF6C}.ReleaseWithDebug|Win32.Build.0 = ReleaseWithDebug|Win32
		{367D5EDC-F360-49E0-B652-587B9E22CF6C}.ReleaseWithDebug|x64.ActiveCfg = ReleaseWithDebug|Win32
		{0B2F0DB4-D231-43E7-8FDF-EF311DE6BBC9}.Release|Win32.ActiveCfg = Release|Win32
		{0B2F0DB4-D231-43E7-8FDF-EF311DE6BBC9}.Release|Win32.Build.0 = Release|Win32
		{0B2F0DB4-D231-43E7-8FDF-EF311DE6BBC9}.Release|x64.ActiveCfg = Release|Win32
		{0B2F0DB4-D231-43E7-8FDF-EF311DE6BBC9}.ReleaseWithDebug|Win32.ActiveCfg = ReleaseWithDebug|Win32
		{0B2F0DB4-D231-43E7-8FDF-EF311DE6BBC9}.ReleaseWithDebug|Win32.Build.0 = ReleaseWithDebug|Win32
		{0B2F0DB4-D231-43E7-8FDF-EF311DE6BBC9}.ReleaseWithDebug|x64.ActiveCfg = ReleaseWithDebug|Win32
		{18322D6B-43B1-49D8-A2FD-8C55EB4524AE}.Release|Win32.ActiveCfg = Release|Win32
		{18322D6B-43B1-49D8-A2FD-8C55EB4524AE}.Release|Win32.Build.0 = Release|Win32
		{18322D6B-43B1-49D8-A2FD-8C55EB4524AE}.Release|x64.ActiveCfg = Release|Win32
		{18322D6B-43B1-49D8-A2FD-8C55EB4524AE}.ReleaseWithDebug|Win32.ActiveCfg = ReleaseWithDebug|Win32
		{18322D6B-43B1-49D8-A2FD-8C55EB4524AE}.ReleaseWithDebug|Win32.Build.0 = ReleaseWithDebug|Win32
		{18322D6B-43B1-49D8-A2FD-8C55EB4524AE}.ReleaseWithDebug|x64.ActiveCfg = ReleaseWithDebug|Win32
		{DF79DAB8-217F-4828-920D-89B2FDEEFB33}.Release|Win32.ActiveCfg = Release|Win32
		{DF79DAB8-217F-4828-920D-89B2FDEEFB33}.Release|Win32.Build.0 = Release|Win32
		{DF79DAB8-217F-4828-920D-89B2FDEEFB33}.Release|x64.ActiveCfg = Release|Win32
		{DF79DAB8-217F-4828-920D-89B2FDEEFB33}.ReleaseWithDebug|Win32.ActiveCfg = ReleaseWithDebug|Win32
		{DF79DAB8-217F-4828-920D-89B2FDEEFB33}.ReleaseWithDebug|Win32.Build.0 = ReleaseWithDebug|Win32
		{DF79DAB8-217F-4828-920D-89B2FDEEFB33}.ReleaseWithDebug|x64.ActiveCfg = ReleaseWithDebug|Win32
		{14C91A47-44A3-4D90-99C3-BFFA10491A56}.Release|Win32.ActiveCfg = Release|Win32
		{14C91A47-44A3-4D90-99C3-BFFA10491A56}.Release|Win32.Build.0 = Release|Win32
		{14C91A47-44A3-4D90-99C3-BFFA10491A56}.Release|x64.ActiveCfg = Release|Win32
		{14C91A47-44A3-4D90-99C3-BFFA10491A56}.ReleaseWithDebug|Win32.ActiveCfg = ReleaseWithDebug|Win32
		{14C91A47-44A3-4D90-99C3-BFFA10491A56}.ReleaseWithDebug|Win32.Build.0 = ReleaseWithDebug|Win32
		{14C91A47-44A3-4D90-99C3-BFFA10491A56}.ReleaseWithDebug|x64.ActiveCfg = ReleaseWithDebug|Win32
		{8E6A698F-7CE9-46C8-A21C-ADB5D4862895}.Release|Win32.ActiveCfg = Release|Win32
		{8E6A698F-7CE9-46C8-A21C-ADB5D4862895}.Release|Win32.Build.0 = Release|Win32
		{8E6A698F-7CE9-46C8-A21C-ADB5D4862895}.Release|x64.ActiveCfg = Release|Win32
		{8E6A698F-7CE9-46C8-A21C-ADB5D4862895}.ReleaseWithDebug|Win32.ActiveCfg = ReleaseWithDebug|Win32
		{8E6A698F-7CE9-46C8-A21C-ADB5D4862895}.ReleaseWithDebug|Win32.Build.0 = ReleaseWithDebug|Win32
		{8E6A698F-7CE9-46C8-A21C-ADB5D4862895}.ReleaseWithDebug|x64.ActiveCfg = ReleaseWithDebug|Win32
		{E7F0886B-C9B4-46CB-AFE4-46ED576C083F}.Release|Win32.ActiveCfg = Release|Win32
		{E7F0886B-C9B4-46CB-AFE4-46ED576C083F}.Release|Win32.Build.0 = Release|Win32
		{E7F0886B-C9B4-46CB-AFE4-46ED576C083F}.Release|x64.ActiveCfg = Release|Win32
		{E7F0886B-C9B4-46CB-AFE4-46ED576C083F}.ReleaseWithDebug|Win32.ActiveCfg = ReleaseWithDebug|Win32
		{E7F0886B-C9B4-46CB-AFE4-46ED576C083F}.ReleaseWithDebug|Win32.Build.0 = ReleaseWithDebug|Win32
		{E7F0886B-C9B4-46CB-AFE4-46ED576C083F}.ReleaseWithDebug|x64.ActiveCfg = ReleaseWithDebug|Win32
		{9CF41A32-523E-4E7F-B941-0B5F9990E0F5}.Release|Win32.ActiveCfg = Release|Win32
		{9CF41A32-523E-4E7F-B941-0B5F9990E0F5}.Release|Win32.Build.0 = Release|Win32
		{9CF41A32-523E-4E7F-B941-0B5F9990E0F5}.Release|x64.ActiveCfg = Release|Win32
		{9CF41A32-523E-4E7F-B941-0B5F9990E0F5}.ReleaseWithDebug|Win32.ActiveCfg = ReleaseWithDebug|Win32
		{9CF41A32-523E-4E7F-B941-0B5F9990E0F5}.ReleaseWithDebug|Win32.Build.0 = ReleaseWithDebug|Win32
		{9CF41A32-523E-4E7F-B941-0B5F9990E0F5}.ReleaseWithDebug|x64.ActiveCfg = ReleaseWithDebug|Win32
		{723583D9-6348-4643-94E4-52EA2993AB78}.Release|Win32.ActiveCfg = Release|Win32
		{723583D9-6348-4643-94E4-52EA2993AB78}.Release|Win32.Build.0 = Release|Win32
		{723583D9-6348-4643-94E4-52EA2993AB78}.Release|x64.ActiveCfg = Release|Win32
		{723583D9-6348-4643-94E4-52EA2993AB78}.ReleaseWithDebug|Win32.ActiveCfg = ReleaseWithDebug|Win32
		{723583D9-6348-4643-94E4-52EA2993AB78}.ReleaseWithDebug|Win32.Build.0 = ReleaseWithDebug|Win32
		{723583D9-6348-4643-94E4-52EA2993AB78}.ReleaseWithDebug|x64.ActiveCfg = ReleaseWithDebug|Win32
		{F8835529-D882-4F95-B554-ABE96BE5C9F3}.Release|Win32.ActiveCfg = Release|Win32
		{F8835529-D882-4F95-B554-ABE96BE5C9F3}.Release|Win32.Build.0 = Release|Win32
		{F8835529-D882-4F95-B554-ABE96BE5C9F3}.Release|x64.ActiveCfg = Release|Win32
		{F8835529-D882-4F95-B554-ABE96BE5C9F3}.ReleaseWithDebug|Win32.ActiveCfg = ReleaseWithDebug|Win32
		{F8835529-D882-4F95-B554-ABE96BE5C9F3}.ReleaseWithDebug|Win32.Build.0 = ReleaseWithDebug|Win32
		{F8835529-D882-4F95-B554-ABE96BE5C9F3}.ReleaseWithDebug|x64.ActiveCfg = ReleaseWithDebug|Win32
		{E8190EFF-6AD0-40E7-8C65-7CB71CE0EEA4}.Release|Win32.ActiveCfg = Release|Win32
		{E8190EFF-6AD0-40E7-8C65-7CB71CE0EEA4}.Release|Win32.Build.0 = Release|Win32
		{E8190EFF-6AD0-40E7-8C65-7CB71CE0EEA4}.Release|x64.ActiveCfg = Release|Win32
		{E8190EFF-6AD0-40E7-8C65-7CB71CE0EEA4}.ReleaseWithDebug|Win32.ActiveCfg = ReleaseWithDebug|Win32
		{E8190EFF-6AD0-40E7-8C65-7CB71CE0EEA4}.ReleaseWithDebug|Win32.Build.0 = ReleaseWithDebug|Win32
		{E8190EFF-6AD0-40E7-8C65-7CB71CE0EEA4}.ReleaseWithDebug|x64.ActiveCfg = ReleaseWithDebug|Win32
		{141F7653-54FB-45ED-9E4A-7B9309CD9313}.Release|Win32.ActiveCfg = Release|Win32
		{141F7653-54FB-45ED-9E4A-7B9309CD9313}.Release|Win32.Build.0 = Release|Win32
		{141F7653-54FB-45ED-9E4A-7B9309CD9313}.Release|x64.ActiveCfg = Release|Win32
		{141F7653-54FB-45ED-9E4A-7B9309CD9313}.ReleaseWithDebug|Win32.ActiveCfg = ReleaseWithDebug|Win32
		{141F7653-54FB-45ED-9E4A-7B9309CD9313}.ReleaseWithDebug|Win32.Build.0 = ReleaseWithDebug|Win32
		{141F7653-54FB-45ED-9E4A-7B9309CD9313}.ReleaseWithDebug|x64.ActiveCfg = ReleaseWithDebug|Win32
		{DFA28F29-9A64-45E7-8CF5-F9D3DB556BC2}.Release|Win32.ActiveCfg = Release|Win32
		{DFA28F29-9A64-45E7-8CF5-F9D3DB556BC2}.Release|Win32.Build.0 = Release|Win32
		{DFA28F29-9A64-45E7-8CF5-F9D3DB556BC2}.Release|x64.ActiveCfg = Release|Win32
		{DFA28F29-9A64-45E7-8CF5-F9D3DB556BC2}.ReleaseWithDebug|Win32.ActiveCfg = ReleaseWithDebug|Win32
		{DFA28F29-9A64-45E7-8CF5-F9D3DB556BC2}.ReleaseWithDebug|Win32.Build.0 = ReleaseWithDebug|Win32
		{DFA28F29-9A64-45E7-8CF5-F9D3DB556BC2}.ReleaseWithDebug|x64.ActiveCfg = ReleaseWithDebug|Win32
		{16253ADD-D317-4C44-98C4-CE451814A3E9}.Release|Win32.ActiveCfg = Release|Win32
		{16253ADD-D317-4C44-98C4-CE451814A3E9}.Release|Win32.Build.0 = Release|Win32
		{16253ADD-D317-4C44-98C4-CE451814A3E9}.Release|x64.ActiveCfg = Release|Win32
		{16253ADD-D317-4C44-98C4-CE451814A3E9}.ReleaseWithDebug|Win32.ActiveCfg = ReleaseWithDebug|Win32
		{16253ADD-D317-4C44-98C4-CE451814A3E9}.ReleaseWithDebug|Win32.Build.0 = ReleaseWithDebug|Win32
		{16253ADD-D317-4C44-98C4-CE451814A3E9}.ReleaseWithDebug|x64.ActiveCfg = ReleaseWithDebug|Win32
		{F36013A1-7A38-49E1-9994-C7E8B61E1E21}.Release|Win32.ActiveCfg = Release|Win32
		{F36013A1-7A38-49E1-9994-C7E8B61E1E21}.Release|Win32.Build.0 = Release|Win32
		{F36013A1-7A38-49E1-9994-C7E8B61E1E21}.Release|x64.ActiveCfg = Release|Win32
		{F36013A1-7A38-49E1-9994-C7E8B61E1E21}.ReleaseWithDebug|Win32.ActiveCfg = ReleaseWithDebug|Win32
		{F36013A1-7A38-49E1-9994-C7E8B61E1E21}.ReleaseWithDebug|Win32.Build.0 = ReleaseWithDebug|Win32
		{F36013A1-7A38-49E1-9994-C7E8B61E1E21}.ReleaseWithDebug|x64.ActiveCfg = ReleaseWithDebug|Win32
		{60128B2F-1208-4E17-9420-FBDBDD89F118}.Release|Win32.ActiveCfg = Release|Win32
		{60128B2F-1208-4E17-9420-FBDBDD89F118}.Release|Win32.Build.0 = Release|Win32
		{60128B2F-1208-4E17-9420-FBDBDD89F118}.Release|x64.ActiveCfg = Release|Win32
		{60128B2F-1208-4E17-9420-FBDBDD89F118}.ReleaseWithDebug|Win32.ActiveCfg = ReleaseWithDebug|Win32
		{60128B2F-1208-4E17-9420-FBDBDD89F118}.ReleaseWithDebug|Win32.Build.0 = ReleaseWithDebug|Win32
		{60128B2F-1208-4E17-9420-FBDBDD89F118}.ReleaseWithDebug|x64.ActiveCfg = ReleaseWithDebug|Win32
		{5C73EBB9-3FF4-4216-BFFE-894756DF6430}.Release|Win32.ActiveCfg = Release|Win32
		{5C73EBB9-3FF4-4216-BFFE-894756DF6430}.Release|Win32.Build.0 = Release|Win32
		{5C73EBB9-3FF4-4216-BFFE-894756DF6430}.Release|x64.ActiveCfg = Release|Win32
		{5C73EBB9-3FF4-4216-BFFE-894756DF6430}.ReleaseWithDebug|Win32.ActiveCfg = ReleaseWithDebug|Win32
		{5C73EBB9-3FF4-4216-BFFE-894756DF6430}.ReleaseWithDebug|Win32.Build.0 = ReleaseWithDebug|Win32
		{5C73EBB9-3FF4-4216-BFFE-894756DF6430}.ReleaseWithDebug|x64.ActiveCfg = ReleaseWithDebug|Win32
		{B341DB54-BA24-41E6-9AC4-A88B84CDC137}.Release|Win32.ActiveCfg = Release|Win32
		{B341DB54-BA24-41E6-9AC4-A88B84CDC137}.Release|Win32.Build.0 = Release|Win32
		{B341DB54-BA24-41E6-9AC4-A88B84CDC137}.Release|x64.ActiveCfg = Release|Win32
		{B341DB54-BA24-41E6-9AC4-A88B84CDC137}.ReleaseWithDebug|Win32.ActiveCfg = ReleaseWithDebug|Win32
		{B341DB54-BA24-41E6-9AC4-A88B84CDC137}.ReleaseWithDebug|Win32.Build.0 = ReleaseWithDebug|Win32
		{B341DB54-BA24-41E6-9AC4-A88B84CDC137}.ReleaseWithDebug|x64.ActiveCfg = ReleaseWithDebug|Win32
		{9AE293D2-A402-4EA6-B9BA-A830DA18B219}.Release|Win32.ActiveCfg = Release|Win32
		{9AE293D2-A402-4EA6-B9BA-A830DA18B219}.Release|Win32.Build.0 = Release|Win32
		{9AE293D2-A402-4EA6-B9BA-A830DA18B219}.Release|x64.ActiveCfg = Release|Win32
		{9AE293D2-A402-4EA6-B9BA-A830DA18B219}.ReleaseWithDebug|Win32.ActiveCfg = ReleaseWithDebug|Win32
		{9AE293D2-A402-4EA6-B9BA-A830DA18B219}.ReleaseWithDebug|Win32.Build.0 = ReleaseWithDebug|Win32
		{9AE293D2-A402-4EA6-B9BA-A830DA18B219}.ReleaseWithDebug|x64.ActiveCfg = ReleaseWithDebug|Win32
		{1BB57539-858B-4AB7-994E-401597653E64}.Release|Win32.ActiveCfg = Release|Win32
		{1BB57539-858B-4AB7-994E-401597653E64}.Release|Win32.Build.0 = Release|Win32
		{1BB57539-858B-4AB7-994E-401597653E64}.Release|x64.ActiveCfg = Release|Win32
		{1BB57539-858B-4AB7-994E-401597653E64}.ReleaseWithDebug|Win32.ActiveCfg = ReleaseWithDebug|Win32
		{1BB57539-858B-4AB7-994E-401597653E64}.ReleaseWithDebug|Win32.Build.0 = ReleaseWithDebug|Win32
		{1BB57539-858B-4AB7-994E-401597653E64}.ReleaseWithDebug|x64.ActiveCfg = ReleaseWithDebug|Win32
		{B7E11334-9268-4963-8787-C843A9031230}.Release|Win32.ActiveCfg = Release|Win32
		{B7E11334-9268-4963-8787-C843A9031230}.Release|Win32.Build.0 = Release|Win32
		{B7E11334-9268-4963-8787-C843A9031230}.Release|x64.ActiveCfg = Release|Win32
		{B7E11334-9268-4963-8787-C843A9031230}.ReleaseWithDebug|Win32.ActiveCfg = ReleaseWithDebug|Win32
		{B7E11334-9268-4963-8787-C843A9031230}.ReleaseWithDebug|Win32.Build.0 = ReleaseWithDebug|Win32
		{B7E11334-9268-4963-8787-C843A9031230}.ReleaseWithDebug|x64.ActiveCfg = ReleaseWithDebug|Win32
		{E40976AF-586C-4EB4-83E9-5B660D0251B8}.Release|Win32.ActiveCfg = Release|Win32
		{E40976AF-586C-4EB4-83E9-5B660D0251B8}.Release|Win32.Build.0 = Release|Win32
		{E40976AF-586C-4EB4-83E9-5B660D0251B8}.Release|x64.ActiveCfg = Release|Win32
		{E40976AF-586C-4EB4-83E9-5B660D0251B8}.ReleaseWithDebug|Win32.ActiveCfg = ReleaseWithDebug|Win32
		{E40976AF-586C-4EB4-83E9-5B660D0251B8}.ReleaseWithDebug|Win32.Build.0 = ReleaseWithDebug|Win32
		{E40976AF-586C-4EB4-83E9-5B660D0251B8}.ReleaseWithDebug|x64.ActiveCfg = ReleaseWithDebug|Win32
		{FA67DC1C-444A-4398-B151-98456DB4F1BC}.Release|Win32.ActiveCfg = Release|Win32
		{FA67DC1C-444A-4398-B151-98456DB4F1BC}.Release|Win32.Build.0 = Release|Win32
		{FA67DC1C-444A-4398-B151-98456DB4F1BC}.Release|x64.ActiveCfg = Release|Win32
		{FA67DC1C-444A-4398-B151-98456DB4F1BC}.ReleaseWithDebug|Win32.ActiveCfg = ReleaseWithDebug|Win32
		{FA67DC1C-444A-4398-B151-98456DB4F1BC}.ReleaseWithDebug|Win32.Build.0 = ReleaseWithDebug|Win32
		{FA67DC1C-444A-4398-B151-98456DB4F1BC}.ReleaseWithDebug|x64.ActiveCfg = ReleaseWithDebug|Win32
		{AE98299F-0210-4872-96AC-008B5631A165}.Release|Win32.ActiveCfg = Release|Win32
		{AE98299F-0210-4872-96AC-008B5631A165}.Release|Win32.Build.0 = Release|Win32
		{AE98299F-0210-4872-96AC-008B5631A165}.Release|x64.ActiveCfg = Release|Win32
		{AE98299F-0210-4872-96AC-008B5631A165}.ReleaseWithDebug|Win32.ActiveCfg = ReleaseWithDebug|Win32
		{AE98299F-0210-4872-96AC-008B5631A165}.ReleaseWithDebug|Win32.Build.0 = ReleaseWithDebug|Win32
		{AE98299F-0210-4872-96AC-008B5631A165}.ReleaseWithDebug|x64.ActiveCfg = ReleaseWithDebug|Win32
		{7D50A30F-3838-4FB7-9966-FD8748E4BE1D}.Release|Win32.ActiveCfg = Release|Win32
		{7D50A30F-3838-4FB7-9966-FD8748E4BE1D}.Release|x64.ActiveCfg = Release|Win32
		{7D50A30F-3838-4FB7-9966-FD8748E4BE1D}.ReleaseWithDebug|Win32.ActiveCfg = ReleaseWithDebug|Win32
		{7D50A30F-3838-4FB7-9966-FD8748E4BE1D}.ReleaseWithDebug|x64.ActiveCfg = ReleaseWithDebug|Win32
		{737AC6EA-7361-44B9-A15A-6975D1BC1DA4}.Release|Win32.ActiveCfg = Release|Win32
		{737AC6EA-7361-44B9-A15A-6975D1BC1DA4}.Release|Win32.Build.0 = Release|Win32
		{737AC6EA-7361-44B9-A15A-6975D1BC1DA4}.Release|x64.ActiveCfg = Release|Win32
		{737AC6EA-7361-44B9-A15A-6975D1BC1DA4}.ReleaseWithDebug|Win32.ActiveCfg = ReleaseWithDebug|Win32
		{737AC6EA-7361-44B9-A15A-6975D1BC1DA4}.ReleaseWithDebug|Win32.Build.0 = ReleaseWithDebug|Win32
		{737AC6EA-7361-44B9-A15A-6975D1BC1DA4}.ReleaseWithDebug|x64.ActiveCfg = ReleaseWithDebug|Win32
		{A3872352-24F1-4BB6-BFE0-3B9837DDEC3F}.Release|Win32.ActiveCfg = Release|Win32
		{A3872352-24F1-4BB6-BFE0-3B9837DDEC3F}.Release|Win32.Build.0 = Release|Win32
		{A3872352-24F1-4BB6-BFE0-3B9837DDEC3F}.Release|x64.ActiveCfg = Release|Win32
		{A3872352-24F1-4BB6-BFE0-3B9837DDEC3F}.ReleaseWithDebug|Win32.ActiveCfg = ReleaseWithDebug|Win32
		{A3872352-24F1-4BB6-BFE0-3B9837DDEC3F}.ReleaseWithDebug|Win32.Build.0 = ReleaseWithDebug|Win32
		{A3872352-24F1-4BB6-BFE0-3B9837DDEC3F}.ReleaseWithDebug|x64.ActiveCfg = ReleaseWithDebug|Win32
		{681DDE36-BA92-48DB-92E8-4E821B92B4BA}.Release|Win32.ActiveCfg = Release|Win32
		{681DDE36-BA92-48DB-92E8-4E821B92B4BA}.Release|Win32.Build.0 = Release|Win32
		{681DDE36-BA92-48DB-92E8-4E821B92B4BA}.Release|x64.ActiveCfg = Release|Win32
		{681DDE36-BA92-48DB-92E8-4E821B92B4BA}.ReleaseWithDebug|Win32.ActiveCfg = ReleaseWithDebug|Win32
		{681DDE36-BA92-48DB-92E8-4E821B92B4BA}.ReleaseWithDebug|Win32.Build.0 = ReleaseWithDebug|Win32
		{681DDE36-BA92-48DB-92E8-4E821B92B4BA}.ReleaseWithDebug|x64.ActiveCfg = ReleaseWithDebug|Win32
		{91E8438D-F413-4A2C-8A9B-6CE3544116DB}.Release|Win32.ActiveCfg = Release|Win32
		{91E8438D-F413-4A2C-8A9B-6CE3544116DB}.Release|Win32.Build.0 = Release|Win32
		{91E8438D-F413-4A2C-8A9B-6CE3544116DB}.Release|x64.ActiveCfg = Release|Win32
		{91E8438D-F413-4A2C-8A9B-6CE3544116DB}.Release|x64.Build.0 = Release|Win32
		{91E8438D-F413-4A2C-8A9B-6CE3544116DB}.ReleaseWithDebug|Win32.ActiveCfg = ReleaseWithDebug|Win32
		{91E8438D-F413-4A2C-8A9B-6CE3544116DB}.ReleaseWithDebug|Win32.Build.0 = ReleaseWithDebug|Win32
		{91E8438D-F413-4A2C-8A9B-6CE3544116DB}.ReleaseWithDebug|x64.ActiveCfg = ReleaseWithDebug|Win32
		{91E8438D-F413-4A2C-8A9B-6CE3544116DB}.ReleaseWithDebug|x64.Build.0 = ReleaseWithDebug|Win32
	EndGlobalSection
	GlobalSection(SolutionProperties) = preSolution
		HideSolutionNode = FALSE
	EndGlobalSection
	GlobalSection(NestedProjects) = preSolution
		{01DE3D3D-0DA2-447E-8C03-B2A2FB03A0F5} = {88754785-84CA-4F78-8906-F8C39564BA83}
		{2CA8178B-9C91-4478-A955-21ABEC99E453} = {88754785-84CA-4F78-8906-F8C39564BA83}
		{81D33B95-1CDD-4F58-A24C-E2EC47143DD0} = {88754785-84CA-4F78-8906-F8C39564BA83}
		{3A7D5EDC-F360-49E0-B652-587B9E22CF6C} = {88754785-84CA-4F78-8906-F8C39564BA83}
		{367D5EDC-F360-49E0-B652-587B9E22CF6C} = {88754785-84CA-4F78-8906-F8C39564BA83}
		{0B2F0DB4-D231-43E7-8FDF-EF311DE6BBC9} = {88754785-84CA-4F78-8906-F8C39564BA83}
		{18322D6B-43B1-49D8-A2FD-8C55EB4524AE} = {88754785-84CA-4F78-8906-F8C39564BA83}
		{DF79DAB8-217F-4828-920D-89B2FDEEFB33} = {88754785-84CA-4F78-8906-F8C39564BA83}
		{14C91A47-44A3-4D90-99C3-BFFA10491A56} = {88754785-84CA-4F78-8906-F8C39564BA83}
		{8E6A698F-7CE9-46C8-A21C-ADB5D4862895} = {88754785-84CA-4F78-8906-F8C39564BA83}
		{E7F0886B-C9B4-46CB-AFE4-46ED576C083F} = {88754785-84CA-4F78-8906-F8C39564BA83}
		{9CF41A32-523E-4E7F-B941-0B5F9990E0F5} = {88754785-84CA-4F78-8906-F8C39564BA83}
		{723583D9-6348-4643-94E4-52EA2993AB78} = {88754785-84CA-4F78-8906-F8C39564BA83}
		{F8835529-D882-4F95-B554-ABE96BE5C9F3} = {88754785-84CA-4F78-8906-F8C39564BA83}
		{E8190EFF-6AD0-40E7-8C65-7CB71CE0EEA4} = {88754785-84CA-4F78-8906-F8C39564BA83}
		{141F7653-54FB-45ED-9E4A-7B9309CD9313} = {88754785-84CA-4F78-8906-F8C39564BA83}
		{DFA28F29-9A64-45E7-8CF5-F9D3DB556BC2} = {88754785-84CA-4F78-8906-F8C39564BA83}
		{16253ADD-D317-4C44-98C4-CE451814A3E9} = {88754785-84CA-4F78-8906-F8C39564BA83}
		{F36013A1-7A38-49E1-9994-C7E8B61E1E21} = {88754785-84CA-4F78-8906-F8C39564BA83}
		{60128B2F-1208-4E17-9420-FBDBDD89F118} = {88754785-84CA-4F78-8906-F8C39564BA83}
		{5C73EBB9-3FF4-4216-BFFE-894756DF6430} = {88754785-84CA-4F78-8906-F8C39564BA83}
		{B341DB54-BA24-41E6-9AC4-A88B84CDC137} = {88754785-84CA-4F78-8906-F8C39564BA83}
		{9AE293D2-A402-4EA6-B9BA-A830DA18B219} = {88754785-84CA-4F78-8906-F8C39564BA83}
		{1BB57539-858B-4AB7-994E-401597653E64} = {88754785-84CA-4F78-8906-F8C39564BA83}
		{B7E11334-9268-4963-8787-C843A9031230} = {88754785-84CA-4F78-8906-F8C39564BA83}
		{F715265D-4DBB-43B1-A159-979B912D095B} = {88754785-84CA-4F78-8906-F8C39564BA83}
		{E40976AF-586C-4EB4-83E9-5B660D0251B8} = {88754785-84CA-4F78-8906-F8C39564BA83}
		{FA67DC1C-444A-4398-B151-98456DB4F1BC} = {88754785-84CA-4F78-8906-F8C39564BA83}
		{AE98299F-0210-4872-96AC-008B5631A165} = {88754785-84CA-4F78-8906-F8C39564BA83}
		{7D50A30F-3838-4FB7-9966-FD8748E4BE1D} = {632FB3BE-F949-4FDF-8EDC-DA5433451E34}
		{737AC6EA-7361-44B9-A15A-6975D1BC1DA4} = {88754785-84CA-4F78-8906-F8C39564BA83}
		{A3872352-24F1-4BB6-BFE0-3B9837DDEC3F} = {88754785-84CA-4F78-8906-F8C39564BA83}
		{681DDE36-BA92-48DB-92E8-4E821B92B4BA} = {88754785-84CA-4F78-8906-F8C39564BA83}
		{91E8438D-F413-4A2C-8A9B-6CE3544116DB} = {88754785-84CA-4F78-8906-F8C39564BA83}
	EndGlobalSection
	GlobalSection(ExtensibilityGlobals) = postSolution
		SolutionGuid = {BAC9ADCA-E201-4AA0-8494-1C3804461C24}
	EndGlobalSection
EndGlobal
