<?xml version="1.0" encoding="utf-8"?>
<Project ToolsVersion="4.0" xmlns="http://schemas.microsoft.com/developer/msbuild/2003">
  <ItemGroup>
    <Filter Include="sdk">
      <UniqueIdentifier>{fa28c962-1974-4770-a3c9-fa8fd6366bf3}</UniqueIdentifier>
    </Filter>
    <Filter Include="AdminCommands">
      <UniqueIdentifier>{f53d771b-4b6d-45c5-a119-22cf7d76fca0}</UniqueIdentifier>
    </Filter>
    <Filter Include="Tools">
      <UniqueIdentifier>{725352eb-0714-42cf-b8a8-00a148ad6a86}</UniqueIdentifier>
    </Filter>
    <Filter Include="FLHook">
      <UniqueIdentifier>{391fd7da-cf31-4382-84a5-8c970fd80de7}</UniqueIdentifier>
    </Filter>
    <Filter Include="FLHook\data">
      <UniqueIdentifier>{8dda06a6-36ac-442e-86af-b459eb62dde1}</UniqueIdentifier>
    </Filter>
    <Filter Include="FLHook\hooks">
      <UniqueIdentifier>{10671e0e-08e5-47f5-86dc-a4753ed07bdd}</UniqueIdentifier>
    </Filter>
    <Filter Include="FLHook\Helpers">
      <UniqueIdentifier>{9f77e9f6-3d8d-45c9-bd51-4e9d0d316a62}</UniqueIdentifier>
    </Filter>
    <Filter Include="FLHook\Features">
      <UniqueIdentifier>{a876a4d6-e361-4bc3-ae71-51c2e7c3f3b9}</UniqueIdentifier>
    </Filter>
    <Filter Include="sdk\Tools">
      <UniqueIdentifier>{62d0b77b-91bb-4710-8324-bc544549f6c6}</UniqueIdentifier>
    </Filter>
  </ItemGroup>
  <ItemGroup>
    <ClCompile Include="..\source\HkInit.cpp">
      <Filter>FLHook</Filter>
    </ClCompile>
    <ClCompile Include="..\source\HkDataBaseMarket.cpp">
      <Filter>FLHook\data</Filter>
    </ClCompile>
    <ClCompile Include="..\source\CCmds.cpp">
      <Filter>AdminCommands</Filter>
    </ClCompile>
    <ClCompile Include="..\source\CConsole.cpp">
      <Filter>AdminCommands</Filter>
    </ClCompile>
    <ClCompile Include="..\source\CInGame.cpp">
      <Filter>AdminCommands</Filter>
    </ClCompile>
    <ClCompile Include="..\source\CSocket.cpp">
      <Filter>AdminCommands</Filter>
    </ClCompile>
    <ClCompile Include="..\source\FLHook.cpp" />
    <ClCompile Include="..\source\Settings.cpp" />
    <ClCompile Include="..\source\Tools.cpp" />
    <ClCompile Include="..\source\Exceptions.cpp" />
    <ClCompile Include="..\source\HkIEngine.cpp">
      <Filter>FLHook\hooks</Filter>
    </ClCompile>
    <ClCompile Include="..\source\HkIEngineDamage.cpp">
      <Filter>FLHook\hooks</Filter>
    </ClCompile>
    <ClCompile Include="..\source\HkIEngineDeath.cpp">
      <Filter>FLHook\hooks</Filter>
    </ClCompile>
    <ClCompile Include="..\source\HkIEngineDisconnect.cpp">
      <Filter>FLHook\hooks</Filter>
    </ClCompile>
    <ClCompile Include="..\source\HkIChatServer.cpp">
      <Filter>FLHook\hooks</Filter>
    </ClCompile>
    <ClCompile Include="..\source\Tools\Console.cpp">
      <Filter>Tools</Filter>
    </ClCompile>
    <ClCompile Include="..\source\HkClientServerInterface.cpp">
      <Filter>FLHook\hooks</Filter>
    </ClCompile>
    <ClCompile Include="..\source\FLCodec.cpp" />
    <ClCompile Include="..\source\blowfish.cpp" />
    <ClCompile Include="..\source\FLPacket.cpp">
      <Filter>FLHook</Filter>
    </ClCompile>
    <ClCompile Include="..\source\Features\Logging.cpp">
      <Filter>FLHook\Features</Filter>
    </ClCompile>
    <ClCompile Include="..\source\Features\PluginManager.cpp">
      <Filter>FLHook\Features</Filter>
    </ClCompile>
    <ClCompile Include="..\source\Features\StartupCache.cpp">
      <Filter>FLHook\Features</Filter>
    </ClCompile>
    <ClCompile Include="..\source\Features\Timers.cpp">
      <Filter>FLHook\Features</Filter>
    </ClCompile>
    <ClCompile Include="..\source\Features\UserCommands.cpp">
      <Filter>FLHook\Features</Filter>
    </ClCompile>
    <ClCompile Include="..\source\Helpers\Admin.cpp">
      <Filter>FLHook\Helpers</Filter>
    </ClCompile>
    <ClCompile Include="..\source\Helpers\Client.cpp">
      <Filter>FLHook\Helpers</Filter>
    </ClCompile>
    <ClCompile Include="..\source\Helpers\Ini.cpp">
      <Filter>FLHook\Helpers</Filter>
    </ClCompile>
    <ClCompile Include="..\source\Helpers\Math.cpp">
      <Filter>FLHook\Helpers</Filter>
    </ClCompile>
    <ClCompile Include="..\source\Helpers\Message.cpp">
      <Filter>FLHook\Helpers</Filter>
    </ClCompile>
    <ClCompile Include="..\source\Helpers\Player.cpp">
      <Filter>FLHook\Helpers</Filter>
    </ClCompile>
    <ClCompile Include="..\source\Helpers\Solar.cpp">
      <Filter>FLHook\Helpers</Filter>
    </ClCompile>
    <ClCompile Include="..\source\Features\Error.cpp">
      <Filter>FLHook\Features</Filter>
    </ClCompile>
    <ClCompile Include="..\source\Helpers\PilotPersonalities.cpp">
      <Filter>FLHook\Helpers</Filter>
    </ClCompile>
    <ClCompile Include="..\source\Helpers\Time.cpp">
      <Filter>FLHook\Helpers</Filter>
    </ClCompile>
    <ClCompile Include="..\source\Helpers\ZoneUtilities.cpp">
      <Filter>FLHook\Helpers</Filter>
    </ClCompile>
  </ItemGroup>
  <ItemGroup>
    <ClInclude Include="..\source\CConsole.h">
      <Filter>AdminCommands</Filter>
    </ClInclude>
    <ClInclude Include="..\source\CSocket.h">
      <Filter>AdminCommands</Filter>
    </ClInclude>
    <ClInclude Include="..\source\ExceptionInfo.h" />
    <ClInclude Include="..\source\Singleton.h" />
    <ClInclude Include="..\source\HookedCallBase.h" />
    <ClInclude Include="..\source\Global.hpp" />
    <ClInclude Include="..\include\FLHook.hpp">
      <Filter>sdk</Filter>
    </ClInclude>
    <ClInclude Include="..\include\plugin.h">
      <Filter>sdk</Filter>
    </ClInclude>
    <ClInclude Include="..\include\Tools\Constexpr.hpp">
      <Filter>sdk\Tools</Filter>
    </ClInclude>
    <ClInclude Include="..\include\Tools\Deps.hpp">
      <Filter>sdk\Tools</Filter>
    </ClInclude>
    <ClInclude Include="..\include\Tools\Enums.hpp">
      <Filter>sdk\Tools</Filter>
    </ClInclude>
    <ClInclude Include="..\include\Tools\Hk.hpp">
      <Filter>sdk\Tools</Filter>
    </ClInclude>
    <ClInclude Include="..\include\Tools\Macros.hpp">
      <Filter>sdk\Tools</Filter>
    </ClInclude>
    <ClInclude Include="..\include\Tools\Serialization.hpp">
      <Filter>sdk\Tools</Filter>
    </ClInclude>
    <ClInclude Include="..\include\Tools\Structs.hpp">
      <Filter>sdk\Tools</Filter>
    </ClInclude>
    <ClInclude Include="..\include\Tools\Typedefs.hpp">
      <Filter>sdk\Tools</Filter>
    </ClInclude>
    <ClInclude Include="..\include\Tools\Utils.hpp">
      <Filter>sdk\Tools</Filter>
    </ClInclude>
  </ItemGroup>
</Project>