<?xml version="1.0" encoding="utf-8"?>
<Project ToolsVersion="4.0" xmlns="http://schemas.microsoft.com/developer/msbuild/2003">
  <ItemGroup>
    <Filter Include="Source">
      <UniqueIdentifier>{39f43ee6-bcef-4d3b-af60-487ae42275cb}</UniqueIdentifier>
    </Filter>
    <Filter Include="Include">
      <UniqueIdentifier>{935801cd-eaf8-4fb5-aee9-190a1c21d509}</UniqueIdentifier>
    </Filter>
    <Filter Include="Source\API">
      <UniqueIdentifier>{c22b2d7d-cbd6-4d2b-a368-e559fa238ee1}</UniqueIdentifier>
    </Filter>
    <Filter Include="Source\Core">
      <UniqueIdentifier>{dc1887ae-c87b-4e7c-85d6-316a094a97e9}</UniqueIdentifier>
    </Filter>
    <Filter Include="Source\Hooks">
      <UniqueIdentifier>{30cf2156-c1ae-4d91-9886-56dec5dfc697}</UniqueIdentifier>
    </Filter>
    <Filter Include="Source\Core\Commands">
      <UniqueIdentifier>{3927f67b-8158-4f8a-873b-14db76ccf03b}</UniqueIdentifier>
    </Filter>
    <Filter Include="Source\API\FLHook">
      <UniqueIdentifier>{876be2ae-78a1-4080-970d-c0ea7773b25c}</UniqueIdentifier>
    </Filter>
    <Filter Include="Source\API\FLServer">
      <UniqueIdentifier>{3ec9ac72-9554-4f7f-83ef-85c47f948d0e}</UniqueIdentifier>
    </Filter>
    <Filter Include="Include\API">
      <UniqueIdentifier>{a18e4208-124a-4ccd-9fda-632fa9238c6d}</UniqueIdentifier>
    </Filter>
    <Filter Include="Include\Core">
      <UniqueIdentifier>{06ab4515-4028-4d15-8cf7-091decd8a2a7}</UniqueIdentifier>
    </Filter>
    <Filter Include="Include\API\FLServer">
      <UniqueIdentifier>{657872d9-2450-4008-961d-b2a239a620d0}</UniqueIdentifier>
    </Filter>
    <Filter Include="Include\API\FLHook">
      <UniqueIdentifier>{2e200967-c2c2-454b-a852-04208121f548}</UniqueIdentifier>
    </Filter>
    <Filter Include="Include\Core\Commands">
      <UniqueIdentifier>{4ad4d98b-8ea5-454e-b3f5-b89982de3e5c}</UniqueIdentifier>
    </Filter>
    <Filter Include="Include\Core\Exceptions">
      <UniqueIdentifier>{75a8fdfe-f862-41c2-b934-ba212a1ef238}</UniqueIdentifier>
    </Filter>
    <Filter Include="Include\Core\Templates">
      <UniqueIdentifier>{96409414-b01c-4aed-8048-580c200c91ee}</UniqueIdentifier>
    </Filter>
    <Filter Include="Include\Defs">
      <UniqueIdentifier>{b65d00c7-3ec5-4c49-ac2e-6e749d0d5ee8}</UniqueIdentifier>
    </Filter>
    <Filter Include="Source\Hooks\ClientServerInterface">
      <UniqueIdentifier>{194ddbd6-508d-4847-988e-84b08b1899a0}</UniqueIdentifier>
    </Filter>
    <Filter Include="Source\API\Utils">
      <UniqueIdentifier>{68fe03b6-58d0-4bb4-bf34-428d8d0bff0c}</UniqueIdentifier>
    </Filter>
    <Filter Include="Include\API\Utils">
      <UniqueIdentifier>{fc052256-119a-40dc-97f3-85d222cdd71a}</UniqueIdentifier>
    </Filter>
  </ItemGroup>
  <ItemGroup>
    <ClCompile Include="..\Source\FLHook.cpp">
      <Filter>Source</Filter>
    </ClCompile>
    <ClCompile Include="..\Source\Core\Codec.cpp">
      <Filter>Source\Core</Filter>
    </ClCompile>
    <ClCompile Include="..\Source\Core\Debug.cpp">
      <Filter>Source\Core</Filter>
    </ClCompile>
    <ClCompile Include="..\Source\Core\FLPacket.cpp">
      <Filter>Source\Core</Filter>
    </ClCompile>
    <ClCompile Include="..\Source\Core\Logger.cpp">
      <Filter>Source\Core</Filter>
    </ClCompile>
    <ClCompile Include="..\Source\Core\MemoryManager.cpp">
      <Filter>Source\Core</Filter>
    </ClCompile>
    <ClCompile Include="..\Source\Core\PluginManager.cpp">
      <Filter>Source\Core</Filter>
    </ClCompile>
    <ClCompile Include="..\Source\Core\SaveData.cpp">
      <Filter>Source\Core</Filter>
    </ClCompile>
    <ClCompile Include="..\Source\Core\Settings.cpp">
      <Filter>Source\Core</Filter>
    </ClCompile>
    <ClCompile Include="..\Source\Core\StartupCache.cpp">
      <Filter>Source\Core</Filter>
    </ClCompile>
    <ClCompile Include="..\Source\Core\TempBan.cpp">
      <Filter>Source\Core</Filter>
    </ClCompile>
    <ClCompile Include="..\Source\Core\Timers.cpp">
      <Filter>Source\Core</Filter>
    </ClCompile>
    <ClCompile Include="..\Source\Core\Commands\AdminCommandProcessor.cpp">
      <Filter>Source\Core\Commands</Filter>
    </ClCompile>
    <ClCompile Include="..\Source\Core\Commands\CommandLineParser.cpp">
      <Filter>Source\Core\Commands</Filter>
    </ClCompile>
    <ClCompile Include="..\Source\Core\Commands\UserCommandProcessor.cpp">
      <Filter>Source\Core\Commands</Filter>
    </ClCompile>
    <ClCompile Include="..\Source\Hooks\HkDataBaseMarket.cpp">
      <Filter>Source\Hooks</Filter>
    </ClCompile>
    <ClCompile Include="..\Source\Hooks\HkIChatServer.cpp">
      <Filter>Source\Hooks</Filter>
    </ClCompile>
    <ClCompile Include="..\Source\Hooks\HkIEngine.cpp">
      <Filter>Source\Hooks</Filter>
    </ClCompile>
    <ClCompile Include="..\Source\Hooks\HkIEngineDamage.cpp">
      <Filter>Source\Hooks</Filter>
    </ClCompile>
    <ClCompile Include="..\Source\Hooks\HkIEngineDeath.cpp">
      <Filter>Source\Hooks</Filter>
    </ClCompile>
    <ClCompile Include="..\Source\Hooks\HkIEngineDisconnect.cpp">
      <Filter>Source\Hooks</Filter>
    </ClCompile>
    <ClCompile Include="..\Source\Hooks\HkInit.cpp">
      <Filter>Source\Hooks</Filter>
    </ClCompile>
    <ClCompile Include="..\Source\Hooks\SendComm.cpp">
      <Filter>Source\Hooks</Filter>
    </ClCompile>
    <ClCompile Include="..\Source\API\FLHook\Mail.cpp">
      <Filter>Source\API\FLHook</Filter>
    </ClCompile>
    <ClCompile Include="..\Source\API\FLHook\MessageHandler.cpp">
      <Filter>Source\API\FLHook</Filter>
    </ClCompile>
    <ClCompile Include="..\Source\API\FLServer\Admin.cpp">
      <Filter>Source\API\FLServer</Filter>
    </ClCompile>
    <ClCompile Include="..\Source\API\FLServer\Chat.cpp">
      <Filter>Source\API\FLServer</Filter>
    </ClCompile>
    <ClCompile Include="..\Source\API\FLServer\Client.cpp">
      <Filter>Source\API\FLServer</Filter>
    </ClCompile>
    <ClCompile Include="..\Source\API\FLServer\Math.cpp">
      <Filter>Source\API\FLServer</Filter>
    </ClCompile>
    <ClCompile Include="..\Source\API\FLServer\PilotPersonalities.cpp">
      <Filter>Source\API\FLServer</Filter>
    </ClCompile>
    <ClCompile Include="..\Source\API\FLServer\Player.cpp">
      <Filter>Source\API\FLServer</Filter>
    </ClCompile>
    <ClCompile Include="..\Source\API\FLServer\Solar.cpp">
      <Filter>Source\API\FLServer</Filter>
    </ClCompile>
    <ClCompile Include="..\Source\API\FLServer\ZoneUtilities.cpp">
      <Filter>Source\API\FLServer</Filter>
    </ClCompile>
    <ClCompile Include="..\Include\PCH.cpp" />
    <ClCompile Include="..\Source\Hooks\ClientServerInterface\Hooks.cpp">
      <Filter>Source\Hooks\ClientServerInterface</Filter>
    </ClCompile>
    <ClCompile Include="..\Source\Hooks\ClientServerInterface\ChatHooks.cpp">
      <Filter>Source\Hooks\ClientServerInterface</Filter>
    </ClCompile>
    <ClCompile Include="..\Source\Hooks\ClientServerInterface\PlayerLaunch.cpp">
      <Filter>Source\Hooks\ClientServerInterface</Filter>
    </ClCompile>
    <ClCompile Include="..\Source\Hooks\ClientServerInterface\MunitionCollision.cpp">
      <Filter>Source\Hooks\ClientServerInterface</Filter>
    </ClCompile>
    <ClCompile Include="..\Source\Hooks\ClientServerInterface\SPObjectUpdate.cpp">
      <Filter>Source\Hooks\ClientServerInterface</Filter>
    </ClCompile>
    <ClCompile Include="..\Source\Hooks\ClientServerInterface\LaunchComplete.cpp">
      <Filter>Source\Hooks\ClientServerInterface</Filter>
    </ClCompile>
    <ClCompile Include="..\Source\Hooks\ClientServerInterface\Character.cpp">
      <Filter>Source\Hooks\ClientServerInterface</Filter>
    </ClCompile>
    <ClCompile Include="..\Source\Hooks\ClientServerInterface\Base.cpp">
      <Filter>Source\Hooks\ClientServerInterface</Filter>
    </ClCompile>
    <ClCompile Include="..\Source\Hooks\ClientServerInterface\Equipment.cpp">
      <Filter>Source\Hooks\ClientServerInterface</Filter>
    </ClCompile>
    <ClCompile Include="..\Source\Hooks\ClientServerInterface\Goods.cpp">
      <Filter>Source\Hooks\ClientServerInterface</Filter>
    </ClCompile>
    <ClCompile Include="..\Source\Hooks\ClientServerInterface\OnConnect.cpp">
      <Filter>Source\Hooks\ClientServerInterface</Filter>
    </ClCompile>
    <ClCompile Include="..\Source\Hooks\ClientServerInterface\Disconnect.cpp">
      <Filter>Source\Hooks\ClientServerInterface</Filter>
    </ClCompile>
    <ClCompile Include="..\Source\Hooks\ClientServerInterface\JumpInComplete.cpp">
      <Filter>Source\Hooks\ClientServerInterface</Filter>
    </ClCompile>
    <ClCompile Include="..\Source\Hooks\ClientServerInterface\SystemSwitchOutComplete.cpp">
      <Filter>Source\Hooks\ClientServerInterface</Filter>
    </ClCompile>
    <ClCompile Include="..\Source\Hooks\ClientServerInterface\Login.cpp">
      <Filter>Source\Hooks\ClientServerInterface</Filter>
    </ClCompile>
    <ClCompile Include="..\Source\Hooks\ClientServerInterface\Tradelane.cpp">
      <Filter>Source\Hooks\ClientServerInterface</Filter>
    </ClCompile>
    <ClCompile Include="..\Source\Hooks\ClientServerInterface\ObjectCollision.cpp">
      <Filter>Source\Hooks\ClientServerInterface</Filter>
    </ClCompile>
    <ClCompile Include="..\Source\Hooks\ClientServerInterface\Mission.cpp">
      <Filter>Source\Hooks\ClientServerInterface</Filter>
    </ClCompile>
    <ClCompile Include="..\Source\Hooks\ClientServerInterface\Trade.cpp">
      <Filter>Source\Hooks\ClientServerInterface</Filter>
    </ClCompile>
    <ClCompile Include="..\Source\Hooks\ClientServerInterface\Cargo.cpp">
      <Filter>Source\Hooks\ClientServerInterface</Filter>
    </ClCompile>
    <ClCompile Include="..\Source\Hooks\ClientServerInterface\Cash.cpp">
      <Filter>Source\Hooks\ClientServerInterface</Filter>
    </ClCompile>
    <ClCompile Include="..\Source\Hooks\ClientServerInterface\Ship.cpp">
      <Filter>Source\Hooks\ClientServerInterface</Filter>
    </ClCompile>
    <ClCompile Include="..\Source\Hooks\ClientServerInterface\Location.cpp">
      <Filter>Source\Hooks\ClientServerInterface</Filter>
    </ClCompile>
    <ClCompile Include="..\Source\Hooks\ClientServerInterface\UserInterface.cpp">
      <Filter>Source\Hooks\ClientServerInterface</Filter>
    </ClCompile>
    <ClCompile Include="..\Source\Hooks\ClientServerInterface\ObjectSelect.cpp">
      <Filter>Source\Hooks\ClientServerInterface</Filter>
    </ClCompile>
    <ClCompile Include="..\Source\Hooks\ClientServerInterface\Maneuver.cpp">
      <Filter>Source\Hooks\ClientServerInterface</Filter>
    </ClCompile>
    <ClCompile Include="..\Source\Hooks\ClientServerInterface\MineAsteroid.cpp">
      <Filter>Source\Hooks\ClientServerInterface</Filter>
    </ClCompile>
    <ClCompile Include="..\Source\Hooks\ClientServerInterface\IClientImpl.cpp">
      <Filter>Source\Hooks\ClientServerInterface</Filter>
    </ClCompile>
    <ClCompile Include="..\Source\Hooks\ClientServerInterface\HookEntry.cpp">
      <Filter>Source\Hooks\ClientServerInterface</Filter>
    </ClCompile>
    <ClCompile Include="..\Source\Core\Commands\ExternalCommandProcessor.cpp">
      <Filter>Source\Core\Commands</Filter>
    </ClCompile>
    <ClCompile Include="..\Source\API\Utils\IniUtils.cpp">
      <Filter>Source\API\Utils</Filter>
    </ClCompile>
    <ClCompile Include="..\source\API\Utils\FileUtils.cpp">
      <Filter>Source\API\Utils</Filter>
    </ClCompile>
  </ItemGroup>
  <ItemGroup>
    <ClInclude Include="..\Include\Core\Commands\AbstractAdminCommandProcessor.hpp">
      <Filter>Include\Core\Commands</Filter>
    </ClInclude>
    <ClInclude Include="..\Include\Core\Commands\AbstractUserCommandProcessor.hpp">
      <Filter>Include\Core\Commands</Filter>
    </ClInclude>
    <ClInclude Include="..\Include\Core\Commands\AdminCommandProcessor.hpp">
      <Filter>Include\Core\Commands</Filter>
    </ClInclude>
    <ClInclude Include="..\Include\Core\Commands\CommandLineParser.hpp">
      <Filter>Include\Core\Commands</Filter>
    </ClInclude>
    <ClInclude Include="..\Include\Core\Commands\UserCommandProcessor.hpp">
      <Filter>Include\Core\Commands</Filter>
    </ClInclude>
    <ClInclude Include="..\Include\Core\Exceptions\ErrorInfo.hpp">
      <Filter>Include\Core\Exceptions</Filter>
    </ClInclude>
    <ClInclude Include="..\Include\Core\Exceptions\StopProcessingException.hpp">
      <Filter>Include\Core\Exceptions</Filter>
    </ClInclude>
    <ClInclude Include="..\Include\Core\Templates\Constexpr.hpp">
      <Filter>Include\Core\Templates</Filter>
    </ClInclude>
    <ClInclude Include="..\Include\Core\Templates\Macros.hpp">
      <Filter>Include\Core\Templates</Filter>
    </ClInclude>
    <ClInclude Include="..\Include\Core\Codec.hpp">
      <Filter>Include\Core</Filter>
    </ClInclude>
    <ClInclude Include="..\Include\Core\Detour.hpp">
      <Filter>Include\Core</Filter>
    </ClInclude>
    <ClInclude Include="..\Include\Core\Logger.hpp">
      <Filter>Include\Core</Filter>
    </ClInclude>
    <ClInclude Include="..\Include\Core\MemoryManager.hpp">
      <Filter>Include\Core</Filter>
    </ClInclude>
    <ClInclude Include="..\Include\Core\MessageHandler.hpp">
      <Filter>Include\Core</Filter>
    </ClInclude>
    <ClInclude Include="..\Include\Core\Serializer.hpp">
      <Filter>Include\Core</Filter>
    </ClInclude>
    <ClInclude Include="..\Include\Core\TempBan.hpp">
      <Filter>Include\Core</Filter>
    </ClInclude>
    <ClInclude Include="..\Include\Defs\CoreGlobals.hpp">
      <Filter>Include\Defs</Filter>
    </ClInclude>
    <ClInclude Include="..\Include\Defs\Enums.hpp">
      <Filter>Include\Defs</Filter>
    </ClInclude>
    <ClInclude Include="..\Include\Defs\FLHookConfig.hpp">
      <Filter>Include\Defs</Filter>
    </ClInclude>
    <ClInclude Include="..\Include\Defs\FLPacket.hpp">
      <Filter>Include\Defs</Filter>
    </ClInclude>
    <ClInclude Include="..\Include\Defs\ServerStats.hpp">
      <Filter>Include\Defs</Filter>
    </ClInclude>
    <ClInclude Include="..\Include\Defs\Structs.hpp">
      <Filter>Include\Defs</Filter>
    </ClInclude>
    <ClInclude Include="..\Include\API\FLServer\Admin.hpp">
      <Filter>Include\API\FLServer</Filter>
    </ClInclude>
    <ClInclude Include="..\Include\API\FLServer\Chat.hpp">
      <Filter>Include\API\FLServer</Filter>
    </ClInclude>
    <ClInclude Include="..\Include\API\FLServer\Client.hpp">
      <Filter>Include\API\FLServer</Filter>
    </ClInclude>
    <ClInclude Include="..\Include\API\FLServer\Math.hpp">
      <Filter>Include\API\FLServer</Filter>
    </ClInclude>
    <ClInclude Include="..\Include\API\FLServer\Personalities.hpp">
      <Filter>Include\API\FLServer</Filter>
    </ClInclude>
    <ClInclude Include="..\Include\API\FLServer\Player.hpp">
      <Filter>Include\API\FLServer</Filter>
    </ClInclude>
    <ClInclude Include="..\Include\API\FLServer\Solar.hpp">
      <Filter>Include\API\FLServer</Filter>
    </ClInclude>
    <ClInclude Include="..\Include\API\FLServer\ZoneUtilities.hpp">
      <Filter>Include\API\FLServer</Filter>
    </ClInclude>
    <ClInclude Include="..\Include\API\FLHook\MailManager.hpp">
      <Filter>Include\API\FLHook</Filter>
    </ClInclude>
    <ClInclude Include="..\Include\API\FLHook\Plugin.hpp">
      <Filter>Include\API\FLHook</Filter>
    </ClInclude>
    <ClInclude Include="..\Include\FLHook.hpp">
      <Filter>Include</Filter>
    </ClInclude>
    <ClInclude Include="..\Include\Global.hpp">
      <Filter>Include</Filter>
    </ClInclude>
    <ClInclude Include="..\Include\PCH.hpp">
      <Filter>Include</Filter>
    </ClInclude>
    <ClInclude Include="..\Include\Core\ClientServerInterface.hpp">
      <Filter>Include\Core</Filter>
    </ClInclude>
    <ClInclude Include="..\Include\API\API.hpp">
      <Filter>Include\API</Filter>
    </ClInclude>
    <ClInclude Include="..\Include\Core\Commands\ExternalCommandProcessor.hpp">
      <Filter>Include\Core\Commands</Filter>
    </ClInclude>
    <ClInclude Include="..\include\Core\Commands\AbstractExternalCommandProcessor.hpp">
      <Filter>Include\Core\Commands</Filter>
    </ClInclude>
    <ClInclude Include="..\include\API\Utils\FileUtils.hpp">
      <Filter>Include\API\Utils</Filter>
    </ClInclude>
    <ClInclude Include="..\include\API\Utils\IniUtils.hpp">
      <Filter>Include\API\Utils</Filter>
    </ClInclude>
    <ClInclude Include="..\Include\Core\PluginManager.hpp">
      <Filter>Include\Core</Filter>
    </ClInclude>
  </ItemGroup>
</Project>