
Microsoft Visual Studio Solution File, Format Version 12.00
# Visual Studio Version 16
VisualStudioVersion = 16.0.30002.166
MinimumVisualStudioVersion = 10.0.40219.1
Project("{FAE04EC0-301F-11D3-BF4B-00C04F79EFBC}") = "flhook_vsix", "flhook_vsix.csproj", "{085CB2DC-F556-4144-9F2F-64FA53FC582B}"
EndProject
Global
	GlobalSection(SolutionConfigurationPlatforms) = preSolution
		Debug|Any CPU = Debug|Any CPU
		Release|Any CPU = Release|Any CPU
	EndGlobalSection
	GlobalSection(ProjectConfigurationPlatforms) = postSolution
		{085CB2DC-F556-4144-9F2F-64FA53FC582B}.Debug|Any CPU.ActiveCfg = Debug|Any CPU
		{085CB2DC-F556-4144-9F2F-64FA53FC582B}.Debug|Any CPU.Build.0 = Debug|Any CPU
		{085CB2DC-F556-4144-9F2F-64FA53FC582B}.Release|Any CPU.ActiveCfg = Release|Any CPU
		{085CB2DC-F556-4144-9F2F-64FA53FC582B}.Release|Any CPU.Build.0 = Release|Any CPU
	EndGlobalSection
	GlobalSection(SolutionProperties) = preSolution
		HideSolutionNode = FALSE
	EndGlobalSection
	GlobalSection(ExtensibilityGlobals) = postSolution
		SolutionGuid = {6A9AE413-6C9B-47F5-AB08-F94DE0611238}
	EndGlobalSection
EndGlobal
